// !$*UTF8*$!
{
	archiveVersion = 1;
	classes = {
	};
	objectVersion = 56;
	objects = {

/* Begin PBXBuildFile section */
		B582208F2AC2ABA300EC4F42 /* SwiftfulThinkingBootcampApp.swift in Sources */ = {isa = PBXBuildFile; fileRef = B582208E2AC2ABA300EC4F42 /* SwiftfulThinkingBootcampApp.swift */; };
		B58220912AC2ABA300EC4F42 /* ContentView.swift in Sources */ = {isa = PBXBuildFile; fileRef = B58220902AC2ABA300EC4F42 /* ContentView.swift */; };
		B58220932AC2ABA400EC4F42 /* Assets.xcassets in Resources */ = {isa = PBXBuildFile; fileRef = B58220922AC2ABA400EC4F42 /* Assets.xcassets */; };
		B58220962AC2ABA400EC4F42 /* Preview Assets.xcassets in Resources */ = {isa = PBXBuildFile; fileRef = B58220952AC2ABA400EC4F42 /* Preview Assets.xcassets */; };
		B582209D2AC2B2A600EC4F42 /* TextBootcamp.swift in Sources */ = {isa = PBXBuildFile; fileRef = B582209C2AC2B2A600EC4F42 /* TextBootcamp.swift */; };
		B582209F2AC2BDF800EC4F42 /* ShapesBootcamp.swift in Sources */ = {isa = PBXBuildFile; fileRef = B582209E2AC2BDF800EC4F42 /* ShapesBootcamp.swift */; };
		B58220A12AC2CC4900EC4F42 /* ColorsBootcamp.swift in Sources */ = {isa = PBXBuildFile; fileRef = B58220A02AC2CC4900EC4F42 /* ColorsBootcamp.swift */; };
		B58220A32AC301BB00EC4F42 /* GradientsBootcamp.swift in Sources */ = {isa = PBXBuildFile; fileRef = B58220A22AC301BB00EC4F42 /* GradientsBootcamp.swift */; };
		B58220A52AC3071400EC4F42 /* IconsBootcamp.swift in Sources */ = {isa = PBXBuildFile; fileRef = B58220A42AC3071400EC4F42 /* IconsBootcamp.swift */; };
		B58220A72AC30C1B00EC4F42 /* ImageBootcamp.swift in Sources */ = {isa = PBXBuildFile; fileRef = B58220A62AC30C1B00EC4F42 /* ImageBootcamp.swift */; };
		B58220A92AC3103100EC4F42 /* FrameBootcamp.swift in Sources */ = {isa = PBXBuildFile; fileRef = B58220A82AC3103100EC4F42 /* FrameBootcamp.swift */; };
		B58220AB2AC314A300EC4F42 /* BackgroundAndOverlayBootcamp.swift in Sources */ = {isa = PBXBuildFile; fileRef = B58220AA2AC314A300EC4F42 /* BackgroundAndOverlayBootcamp.swift */; };
		B58220AD2AC3683900EC4F42 /* StacksBootcamp.swift in Sources */ = {isa = PBXBuildFile; fileRef = B58220AC2AC3683900EC4F42 /* StacksBootcamp.swift */; };
		B58220AF2AC3717C00EC4F42 /* PaddingAndSpacerBootcamp.swift in Sources */ = {isa = PBXBuildFile; fileRef = B58220AE2AC3717C00EC4F42 /* PaddingAndSpacerBootcamp.swift */; };
		B58220B12AC3740B00EC4F42 /* SpacerBootcamp.swift in Sources */ = {isa = PBXBuildFile; fileRef = B58220B02AC3740B00EC4F42 /* SpacerBootcamp.swift */; };
		B58220B32AC37A3100EC4F42 /* InitilizerBootcamp.swift in Sources */ = {isa = PBXBuildFile; fileRef = B58220B22AC37A3100EC4F42 /* InitilizerBootcamp.swift */; };
		B58220B52AC37F9400EC4F42 /* ForEachBootcamp.swift in Sources */ = {isa = PBXBuildFile; fileRef = B58220B42AC37F9400EC4F42 /* ForEachBootcamp.swift */; };
		B5F8969D2AC3FE650006469F /* ScrollViewBootcamp.swift in Sources */ = {isa = PBXBuildFile; fileRef = B5F8969C2AC3FE650006469F /* ScrollViewBootcamp.swift */; };
		B5F8969F2AC406840006469F /* GridBootcamp.swift in Sources */ = {isa = PBXBuildFile; fileRef = B5F8969E2AC406840006469F /* GridBootcamp.swift */; };
		B5F896A12AC418560006469F /* SafeAreaBootcamp.swift in Sources */ = {isa = PBXBuildFile; fileRef = B5F896A02AC418560006469F /* SafeAreaBootcamp.swift */; };
		B5F896A32AC41F4E0006469F /* ButtonsBootcamp.swift in Sources */ = {isa = PBXBuildFile; fileRef = B5F896A22AC41F4E0006469F /* ButtonsBootcamp.swift */; };
		B5F896A52AC4222D0006469F /* StateBootcamp.swift in Sources */ = {isa = PBXBuildFile; fileRef = B5F896A42AC4222D0006469F /* StateBootcamp.swift */; };
		B5F896A72AC43D270006469F /* ExtractedFunctionsBootcamp.swift in Sources */ = {isa = PBXBuildFile; fileRef = B5F896A62AC43D270006469F /* ExtractedFunctionsBootcamp.swift */; };
		B5F896A92AC4422D0006469F /* ExtractSubviewsBootcamp.swift in Sources */ = {isa = PBXBuildFile; fileRef = B5F896A82AC4422D0006469F /* ExtractSubviewsBootcamp.swift */; };
		B5F896AB2AC44F250006469F /* BindingBootcamp.swift in Sources */ = {isa = PBXBuildFile; fileRef = B5F896AA2AC44F240006469F /* BindingBootcamp.swift */; };
		B5F896AD2AC45E830006469F /* ConditionalBootcamp.swift in Sources */ = {isa = PBXBuildFile; fileRef = B5F896AC2AC45E830006469F /* ConditionalBootcamp.swift */; };
		B5F896AF2AC4676B0006469F /* TernaryBootcamp.swift in Sources */ = {isa = PBXBuildFile; fileRef = B5F896AE2AC4676B0006469F /* TernaryBootcamp.swift */; };
/* End PBXBuildFile section */

/* Begin PBXFileReference section */
		B582208B2AC2ABA300EC4F42 /* SwiftfulThinkingBootcamp.app */ = {isa = PBXFileReference; explicitFileType = wrapper.application; includeInIndex = 0; path = SwiftfulThinkingBootcamp.app; sourceTree = BUILT_PRODUCTS_DIR; };
		B582208E2AC2ABA300EC4F42 /* SwiftfulThinkingBootcampApp.swift */ = {isa = PBXFileReference; lastKnownFileType = sourcecode.swift; path = SwiftfulThinkingBootcampApp.swift; sourceTree = "<group>"; };
		B58220902AC2ABA300EC4F42 /* ContentView.swift */ = {isa = PBXFileReference; lastKnownFileType = sourcecode.swift; path = ContentView.swift; sourceTree = "<group>"; };
		B58220922AC2ABA400EC4F42 /* Assets.xcassets */ = {isa = PBXFileReference; lastKnownFileType = folder.assetcatalog; path = Assets.xcassets; sourceTree = "<group>"; };
		B58220952AC2ABA400EC4F42 /* Preview Assets.xcassets */ = {isa = PBXFileReference; lastKnownFileType = folder.assetcatalog; path = "Preview Assets.xcassets"; sourceTree = "<group>"; };
		B582209C2AC2B2A600EC4F42 /* TextBootcamp.swift */ = {isa = PBXFileReference; lastKnownFileType = sourcecode.swift; path = TextBootcamp.swift; sourceTree = "<group>"; };
		B582209E2AC2BDF800EC4F42 /* ShapesBootcamp.swift */ = {isa = PBXFileReference; lastKnownFileType = sourcecode.swift; path = ShapesBootcamp.swift; sourceTree = "<group>"; };
		B58220A02AC2CC4900EC4F42 /* ColorsBootcamp.swift */ = {isa = PBXFileReference; lastKnownFileType = sourcecode.swift; path = ColorsBootcamp.swift; sourceTree = "<group>"; };
		B58220A22AC301BB00EC4F42 /* GradientsBootcamp.swift */ = {isa = PBXFileReference; lastKnownFileType = sourcecode.swift; path = GradientsBootcamp.swift; sourceTree = "<group>"; };
		B58220A42AC3071400EC4F42 /* IconsBootcamp.swift */ = {isa = PBXFileReference; lastKnownFileType = sourcecode.swift; path = IconsBootcamp.swift; sourceTree = "<group>"; };
		B58220A62AC30C1B00EC4F42 /* ImageBootcamp.swift */ = {isa = PBXFileReference; lastKnownFileType = sourcecode.swift; path = ImageBootcamp.swift; sourceTree = "<group>"; };
		B58220A82AC3103100EC4F42 /* FrameBootcamp.swift */ = {isa = PBXFileReference; lastKnownFileType = sourcecode.swift; path = FrameBootcamp.swift; sourceTree = "<group>"; };
		B58220AA2AC314A300EC4F42 /* BackgroundAndOverlayBootcamp.swift */ = {isa = PBXFileReference; lastKnownFileType = sourcecode.swift; path = BackgroundAndOverlayBootcamp.swift; sourceTree = "<group>"; };
		B58220AC2AC3683900EC4F42 /* StacksBootcamp.swift */ = {isa = PBXFileReference; lastKnownFileType = sourcecode.swift; path = StacksBootcamp.swift; sourceTree = "<group>"; };
		B58220AE2AC3717C00EC4F42 /* PaddingAndSpacerBootcamp.swift */ = {isa = PBXFileReference; lastKnownFileType = sourcecode.swift; path = PaddingAndSpacerBootcamp.swift; sourceTree = "<group>"; };
		B58220B02AC3740B00EC4F42 /* SpacerBootcamp.swift */ = {isa = PBXFileReference; lastKnownFileType = sourcecode.swift; path = SpacerBootcamp.swift; sourceTree = "<group>"; };
		B58220B22AC37A3100EC4F42 /* InitilizerBootcamp.swift */ = {isa = PBXFileReference; lastKnownFileType = sourcecode.swift; path = InitilizerBootcamp.swift; sourceTree = "<group>"; };
		B58220B42AC37F9400EC4F42 /* ForEachBootcamp.swift */ = {isa = PBXFileReference; lastKnownFileType = sourcecode.swift; path = ForEachBootcamp.swift; sourceTree = "<group>"; };
		B5F8969C2AC3FE650006469F /* ScrollViewBootcamp.swift */ = {isa = PBXFileReference; lastKnownFileType = sourcecode.swift; path = ScrollViewBootcamp.swift; sourceTree = "<group>"; };
		B5F8969E2AC406840006469F /* GridBootcamp.swift */ = {isa = PBXFileReference; lastKnownFileType = sourcecode.swift; path = GridBootcamp.swift; sourceTree = "<group>"; };
		B5F896A02AC418560006469F /* SafeAreaBootcamp.swift */ = {isa = PBXFileReference; lastKnownFileType = sourcecode.swift; path = SafeAreaBootcamp.swift; sourceTree = "<group>"; };
		B5F896A22AC41F4E0006469F /* ButtonsBootcamp.swift */ = {isa = PBXFileReference; lastKnownFileType = sourcecode.swift; path = ButtonsBootcamp.swift; sourceTree = "<group>"; };
		B5F896A42AC4222D0006469F /* StateBootcamp.swift */ = {isa = PBXFileReference; lastKnownFileType = sourcecode.swift; path = StateBootcamp.swift; sourceTree = "<group>"; };
		B5F896A62AC43D270006469F /* ExtractedFunctionsBootcamp.swift */ = {isa = PBXFileReference; lastKnownFileType = sourcecode.swift; path = ExtractedFunctionsBootcamp.swift; sourceTree = "<group>"; };
		B5F896A82AC4422D0006469F /* ExtractSubviewsBootcamp.swift */ = {isa = PBXFileReference; lastKnownFileType = sourcecode.swift; path = ExtractSubviewsBootcamp.swift; sourceTree = "<group>"; };
		B5F896AA2AC44F240006469F /* BindingBootcamp.swift */ = {isa = PBXFileReference; lastKnownFileType = sourcecode.swift; path = BindingBootcamp.swift; sourceTree = "<group>"; };
		B5F896AC2AC45E830006469F /* ConditionalBootcamp.swift */ = {isa = PBXFileReference; lastKnownFileType = sourcecode.swift; path = ConditionalBootcamp.swift; sourceTree = "<group>"; };
		B5F896AE2AC4676B0006469F /* TernaryBootcamp.swift */ = {isa = PBXFileReference; lastKnownFileType = sourcecode.swift; path = TernaryBootcamp.swift; sourceTree = "<group>"; };
/* End PBXFileReference section */

/* Begin PBXFrameworksBuildPhase section */
		B58220882AC2ABA300EC4F42 /* Frameworks */ = {
			isa = PBXFrameworksBuildPhase;
			buildActionMask = 2147483647;
			files = (
			);
			runOnlyForDeploymentPostprocessing = 0;
		};
/* End PBXFrameworksBuildPhase section */

/* Begin PBXGroup section */
		B58220822AC2ABA300EC4F42 = {
			isa = PBXGroup;
			children = (
				B582208D2AC2ABA300EC4F42 /* SwiftfulThinkingBootcamp */,
				B582208C2AC2ABA300EC4F42 /* Products */,
			);
			sourceTree = "<group>";
		};
		B582208C2AC2ABA300EC4F42 /* Products */ = {
			isa = PBXGroup;
			children = (
				B582208B2AC2ABA300EC4F42 /* SwiftfulThinkingBootcamp.app */,
			);
			name = Products;
			sourceTree = "<group>";
		};
		B582208D2AC2ABA300EC4F42 /* SwiftfulThinkingBootcamp */ = {
			isa = PBXGroup;
			children = (
				B582208E2AC2ABA300EC4F42 /* SwiftfulThinkingBootcampApp.swift */,
				B58220AA2AC314A300EC4F42 /* BackgroundAndOverlayBootcamp.swift */,
				B58220902AC2ABA300EC4F42 /* ContentView.swift */,
				B5F896AE2AC4676B0006469F /* TernaryBootcamp.swift */,
				B58220B42AC37F9400EC4F42 /* ForEachBootcamp.swift */,
				B5F8969C2AC3FE650006469F /* ScrollViewBootcamp.swift */,
				B5F896AC2AC45E830006469F /* ConditionalBootcamp.swift */,
				B5F896A82AC4422D0006469F /* ExtractSubviewsBootcamp.swift */,
				B5F896AA2AC44F240006469F /* BindingBootcamp.swift */,
				B5F8969E2AC406840006469F /* GridBootcamp.swift */,
				B58220AC2AC3683900EC4F42 /* StacksBootcamp.swift */,
				B58220AE2AC3717C00EC4F42 /* PaddingAndSpacerBootcamp.swift */,
				B5F896A42AC4222D0006469F /* StateBootcamp.swift */,
				B5F896A62AC43D270006469F /* ExtractedFunctionsBootcamp.swift */,
				B58220B02AC3740B00EC4F42 /* SpacerBootcamp.swift */,
				B58220B22AC37A3100EC4F42 /* InitilizerBootcamp.swift */,
				B5F896A02AC418560006469F /* SafeAreaBootcamp.swift */,
				B5F896A22AC41F4E0006469F /* ButtonsBootcamp.swift */,
				B582209C2AC2B2A600EC4F42 /* TextBootcamp.swift */,
				B582209E2AC2BDF800EC4F42 /* ShapesBootcamp.swift */,
				B58220A02AC2CC4900EC4F42 /* ColorsBootcamp.swift */,
				B58220A22AC301BB00EC4F42 /* GradientsBootcamp.swift */,
				B58220A82AC3103100EC4F42 /* FrameBootcamp.swift */,
				B58220A42AC3071400EC4F42 /* IconsBootcamp.swift */,
				B58220A62AC30C1B00EC4F42 /* ImageBootcamp.swift */,
				B58220922AC2ABA400EC4F42 /* Assets.xcassets */,
				B58220942AC2ABA400EC4F42 /* Preview Content */,
			);
			path = SwiftfulThinkingBootcamp;
			sourceTree = "<group>";
		};
		B58220942AC2ABA400EC4F42 /* Preview Content */ = {
			isa = PBXGroup;
			children = (
				B58220952AC2ABA400EC4F42 /* Preview Assets.xcassets */,
			);
			path = "Preview Content";
			sourceTree = "<group>";
		};
/* End PBXGroup section */

/* Begin PBXNativeTarget section */
		B582208A2AC2ABA300EC4F42 /* SwiftfulThinkingBootcamp */ = {
			isa = PBXNativeTarget;
			buildConfigurationList = B58220992AC2ABA400EC4F42 /* Build configuration list for PBXNativeTarget "SwiftfulThinkingBootcamp" */;
			buildPhases = (
				B58220872AC2ABA300EC4F42 /* Sources */,
				B58220882AC2ABA300EC4F42 /* Frameworks */,
				B58220892AC2ABA300EC4F42 /* Resources */,
			);
			buildRules = (
			);
			dependencies = (
			);
			name = SwiftfulThinkingBootcamp;
			productName = SwiftfulThinkingBootcamp;
			productReference = B582208B2AC2ABA300EC4F42 /* SwiftfulThinkingBootcamp.app */;
			productType = "com.apple.product-type.application";
		};
/* End PBXNativeTarget section */

/* Begin PBXProject section */
		B58220832AC2ABA300EC4F42 /* Project object */ = {
			isa = PBXProject;
			attributes = {
				BuildIndependentTargetsInParallel = 1;
				LastSwiftUpdateCheck = 1430;
				LastUpgradeCheck = 1430;
				TargetAttributes = {
					B582208A2AC2ABA300EC4F42 = {
						CreatedOnToolsVersion = 14.3.1;
					};
				};
			};
			buildConfigurationList = B58220862AC2ABA300EC4F42 /* Build configuration list for PBXProject "SwiftfulThinkingBootcamp" */;
			compatibilityVersion = "Xcode 14.0";
			developmentRegion = en;
			hasScannedForEncodings = 0;
			knownRegions = (
				en,
				Base,
			);
			mainGroup = B58220822AC2ABA300EC4F42;
			productRefGroup = B582208C2AC2ABA300EC4F42 /* Products */;
			projectDirPath = "";
			projectRoot = "";
			targets = (
				B582208A2AC2ABA300EC4F42 /* SwiftfulThinkingBootcamp */,
			);
		};
/* End PBXProject section */

/* Begin PBXResourcesBuildPhase section */
		B58220892AC2ABA300EC4F42 /* Resources */ = {
			isa = PBXResourcesBuildPhase;
			buildActionMask = 2147483647;
			files = (
				B58220962AC2ABA400EC4F42 /* Preview Assets.xcassets in Resources */,
				B58220932AC2ABA400EC4F42 /* Assets.xcassets in Resources */,
			);
			runOnlyForDeploymentPostprocessing = 0;
		};
/* End PBXResourcesBuildPhase section */

/* Begin PBXSourcesBuildPhase section */
		B58220872AC2ABA300EC4F42 /* Sources */ = {
			isa = PBXSourcesBuildPhase;
			buildActionMask = 2147483647;
			files = (
				B5F896A52AC4222D0006469F /* StateBootcamp.swift in Sources */,
				B58220A32AC301BB00EC4F42 /* GradientsBootcamp.swift in Sources */,
				B58220B32AC37A3100EC4F42 /* InitilizerBootcamp.swift in Sources */,
				B5F8969D2AC3FE650006469F /* ScrollViewBootcamp.swift in Sources */,
				B58220AB2AC314A300EC4F42 /* BackgroundAndOverlayBootcamp.swift in Sources */,
				B58220AF2AC3717C00EC4F42 /* PaddingAndSpacerBootcamp.swift in Sources */,
				B5F896A92AC4422D0006469F /* ExtractSubviewsBootcamp.swift in Sources */,
				B58220A12AC2CC4900EC4F42 /* ColorsBootcamp.swift in Sources */,
				B5F896A72AC43D270006469F /* ExtractedFunctionsBootcamp.swift in Sources */,
				B58220A92AC3103100EC4F42 /* FrameBootcamp.swift in Sources */,
				B5F896AF2AC4676B0006469F /* TernaryBootcamp.swift in Sources */,
				B582209F2AC2BDF800EC4F42 /* ShapesBootcamp.swift in Sources */,
				B5F896A32AC41F4E0006469F /* ButtonsBootcamp.swift in Sources */,
				B5F896A12AC418560006469F /* SafeAreaBootcamp.swift in Sources */,
				B58220912AC2ABA300EC4F42 /* ContentView.swift in Sources */,
				B58220B52AC37F9400EC4F42 /* ForEachBootcamp.swift in Sources */,
				B582209D2AC2B2A600EC4F42 /* TextBootcamp.swift in Sources */,
				B582208F2AC2ABA300EC4F42 /* SwiftfulThinkingBootcampApp.swift in Sources */,
				B58220AD2AC3683900EC4F42 /* StacksBootcamp.swift in Sources */,
				B5F896AB2AC44F250006469F /* BindingBootcamp.swift in Sources */,
				B58220B12AC3740B00EC4F42 /* SpacerBootcamp.swift in Sources */,
				B5F8969F2AC406840006469F /* GridBootcamp.swift in Sources */,
				B5F896AD2AC45E830006469F /* ConditionalBootcamp.swift in Sources */,
				B58220A72AC30C1B00EC4F42 /* ImageBootcamp.swift in Sources */,
				B58220A52AC3071400EC4F42 /* IconsBootcamp.swift in Sources */,
			);
			runOnlyForDeploymentPostprocessing = 0;
		};
/* End PBXSourcesBuildPhase section */

/* Begin XCBuildConfiguration section */
		B58220972AC2ABA400EC4F42 /* Debug */ = {
			isa = XCBuildConfiguration;
			buildSettings = {
				ALWAYS_SEARCH_USER_PATHS = NO;
				CLANG_ANALYZER_NONNULL = YES;
				CLANG_ANALYZER_NUMBER_OBJECT_CONVERSION = YES_AGGRESSIVE;
				CLANG_CXX_LANGUAGE_STANDARD = "gnu++20";
				CLANG_ENABLE_MODULES = YES;
				CLANG_ENABLE_OBJC_ARC = YES;
				CLANG_ENABLE_OBJC_WEAK = YES;
				CLANG_WARN_BLOCK_CAPTURE_AUTORELEASING = YES;
				CLANG_WARN_BOOL_CONVERSION = YES;
				CLANG_WARN_COMMA = YES;
				CLANG_WARN_CONSTANT_CONVERSION = YES;
				CLANG_WARN_DEPRECATED_OBJC_IMPLEMENTATIONS = YES;
				CLANG_WARN_DIRECT_OBJC_ISA_USAGE = YES_ERROR;
				CLANG_WARN_DOCUMENTATION_COMMENTS = YES;
				CLANG_WARN_EMPTY_BODY = YES;
				CLANG_WARN_ENUM_CONVERSION = YES;
				CLANG_WARN_INFINITE_RECURSION = YES;
				CLANG_WARN_INT_CONVERSION = YES;
				CLANG_WARN_NON_LITERAL_NULL_CONVERSION = YES;
				CLANG_WARN_OBJC_IMPLICIT_RETAIN_SELF = YES;
				CLANG_WARN_OBJC_LITERAL_CONVERSION = YES;
				CLANG_WARN_OBJC_ROOT_CLASS = YES_ERROR;
				CLANG_WARN_QUOTED_INCLUDE_IN_FRAMEWORK_HEADER = YES;
				CLANG_WARN_RANGE_LOOP_ANALYSIS = YES;
				CLANG_WARN_STRICT_PROTOTYPES = YES;
				CLANG_WARN_SUSPICIOUS_MOVE = YES;
				CLANG_WARN_UNGUARDED_AVAILABILITY = YES_AGGRESSIVE;
				CLANG_WARN_UNREACHABLE_CODE = YES;
				CLANG_WARN__DUPLICATE_METHOD_MATCH = YES;
				COPY_PHASE_STRIP = NO;
				DEBUG_INFORMATION_FORMAT = dwarf;
				ENABLE_STRICT_OBJC_MSGSEND = YES;
				ENABLE_TESTABILITY = YES;
				GCC_C_LANGUAGE_STANDARD = gnu11;
				GCC_DYNAMIC_NO_PIC = NO;
				GCC_NO_COMMON_BLOCKS = YES;
				GCC_OPTIMIZATION_LEVEL = 0;
				GCC_PREPROCESSOR_DEFINITIONS = (
					"DEBUG=1",
					"$(inherited)",
				);
				GCC_WARN_64_TO_32_BIT_CONVERSION = YES;
				GCC_WARN_ABOUT_RETURN_TYPE = YES_ERROR;
				GCC_WARN_UNDECLARED_SELECTOR = YES;
				GCC_WARN_UNINITIALIZED_AUTOS = YES_AGGRESSIVE;
				GCC_WARN_UNUSED_FUNCTION = YES;
				GCC_WARN_UNUSED_VARIABLE = YES;
				IPHONEOS_DEPLOYMENT_TARGET = 16.4;
				MTL_ENABLE_DEBUG_INFO = INCLUDE_SOURCE;
				MTL_FAST_MATH = YES;
				ONLY_ACTIVE_ARCH = YES;
				SDKROOT = iphoneos;
				SWIFT_ACTIVE_COMPILATION_CONDITIONS = DEBUG;
				SWIFT_OPTIMIZATION_LEVEL = "-Onone";
			};
			name = Debug;
		};
		B58220982AC2ABA400EC4F42 /* Release */ = {
			isa = XCBuildConfiguration;
			buildSettings = {
				ALWAYS_SEARCH_USER_PATHS = NO;
				CLANG_ANALYZER_NONNULL = YES;
				CLANG_ANALYZER_NUMBER_OBJECT_CONVERSION = YES_AGGRESSIVE;
				CLANG_CXX_LANGUAGE_STANDARD = "gnu++20";
				CLANG_ENABLE_MODULES = YES;
				CLANG_ENABLE_OBJC_ARC = YES;
				CLANG_ENABLE_OBJC_WEAK = YES;
				CLANG_WARN_BLOCK_CAPTURE_AUTORELEASING = YES;
				CLANG_WARN_BOOL_CONVERSION = YES;
				CLANG_WARN_COMMA = YES;
				CLANG_WARN_CONSTANT_CONVERSION = YES;
				CLANG_WARN_DEPRECATED_OBJC_IMPLEMENTATIONS = YES;
				CLANG_WARN_DIRECT_OBJC_ISA_USAGE = YES_ERROR;
				CLANG_WARN_DOCUMENTATION_COMMENTS = YES;
				CLANG_WARN_EMPTY_BODY = YES;
				CLANG_WARN_ENUM_CONVERSION = YES;
				CLANG_WARN_INFINITE_RECURSION = YES;
				CLANG_WARN_INT_CONVERSION = YES;
				CLANG_WARN_NON_LITERAL_NULL_CONVERSION = YES;
				CLANG_WARN_OBJC_IMPLICIT_RETAIN_SELF = YES;
				CLANG_WARN_OBJC_LITERAL_CONVERSION = YES;
				CLANG_WARN_OBJC_ROOT_CLASS = YES_ERROR;
				CLANG_WARN_QUOTED_INCLUDE_IN_FRAMEWORK_HEADER = YES;
				CLANG_WARN_RANGE_LOOP_ANALYSIS = YES;
				CLANG_WARN_STRICT_PROTOTYPES = YES;
				CLANG_WARN_SUSPICIOUS_MOVE = YES;
				CLANG_WARN_UNGUARDED_AVAILABILITY = YES_AGGRESSIVE;
				CLANG_WARN_UNREACHABLE_CODE = YES;
				CLANG_WARN__DUPLICATE_METHOD_MATCH = YES;
				COPY_PHASE_STRIP = NO;
				DEBUG_INFORMATION_FORMAT = "dwarf-with-dsym";
				ENABLE_NS_ASSERTIONS = NO;
				ENABLE_STRICT_OBJC_MSGSEND = YES;
				GCC_C_LANGUAGE_STANDARD = gnu11;
				GCC_NO_COMMON_BLOCKS = YES;
				GCC_WARN_64_TO_32_BIT_CONVERSION = YES;
				GCC_WARN_ABOUT_RETURN_TYPE = YES_ERROR;
				GCC_WARN_UNDECLARED_SELECTOR = YES;
				GCC_WARN_UNINITIALIZED_AUTOS = YES_AGGRESSIVE;
				GCC_WARN_UNUSED_FUNCTION = YES;
				GCC_WARN_UNUSED_VARIABLE = YES;
				IPHONEOS_DEPLOYMENT_TARGET = 16.4;
				MTL_ENABLE_DEBUG_INFO = NO;
				MTL_FAST_MATH = YES;
				SDKROOT = iphoneos;
				SWIFT_COMPILATION_MODE = wholemodule;
				SWIFT_OPTIMIZATION_LEVEL = "-O";
				VALIDATE_PRODUCT = YES;
			};
			name = Release;
		};
		B582209A2AC2ABA400EC4F42 /* Debug */ = {
			isa = XCBuildConfiguration;
			buildSettings = {
				ASSETCATALOG_COMPILER_APPICON_NAME = AppIcon;
				ASSETCATALOG_COMPILER_GLOBAL_ACCENT_COLOR_NAME = AccentColor;
				CODE_SIGN_STYLE = Automatic;
				CURRENT_PROJECT_VERSION = 1;
				DEVELOPMENT_ASSET_PATHS = "\"SwiftfulThinkingBootcamp/Preview Content\"";
				ENABLE_PREVIEWS = YES;
				GENERATE_INFOPLIST_FILE = YES;
				INFOPLIST_KEY_CFBundleDisplayName = Bootcamp;
				INFOPLIST_KEY_UIApplicationSceneManifest_Generation = YES;
				INFOPLIST_KEY_UIApplicationSupportsIndirectInputEvents = YES;
				INFOPLIST_KEY_UILaunchScreen_Generation = YES;
				INFOPLIST_KEY_UISupportedInterfaceOrientations_iPad = "UIInterfaceOrientationPortrait UIInterfaceOrientationPortraitUpsideDown UIInterfaceOrientationLandscapeLeft UIInterfaceOrientationLandscapeRight";
				INFOPLIST_KEY_UISupportedInterfaceOrientations_iPhone = "UIInterfaceOrientationPortrait UIInterfaceOrientationLandscapeLeft UIInterfaceOrientationLandscapeRight";
				LD_RUNPATH_SEARCH_PATHS = (
					"$(inherited)",
					"@executable_path/Frameworks",
				);
				MARKETING_VERSION = 1.0;
				PRODUCT_BUNDLE_IDENTIFIER = com.toni2323.SwiftfulThinkingBootcamp;
				PRODUCT_NAME = "$(TARGET_NAME)";
				SWIFT_EMIT_LOC_STRINGS = YES;
				SWIFT_VERSION = 5.0;
				TARGETED_DEVICE_FAMILY = "1,2";
			};
			name = Debug;
		};
		B582209B2AC2ABA400EC4F42 /* Release */ = {
			isa = XCBuildConfiguration;
			buildSettings = {
				ASSETCATALOG_COMPILER_APPICON_NAME = AppIcon;
				ASSETCATALOG_COMPILER_GLOBAL_ACCENT_COLOR_NAME = AccentColor;
				CODE_SIGN_STYLE = Automatic;
				CURRENT_PROJECT_VERSION = 1;
				DEVELOPMENT_ASSET_PATHS = "\"SwiftfulThinkingBootcamp/Preview Content\"";
				ENABLE_PREVIEWS = YES;
				GENERATE_INFOPLIST_FILE = YES;
				INFOPLIST_KEY_CFBundleDisplayName = Bootcamp;
				INFOPLIST_KEY_UIApplicationSceneManifest_Generation = YES;
				INFOPLIST_KEY_UIApplicationSupportsIndirectInputEvents = YES;
				INFOPLIST_KEY_UILaunchScreen_Generation = YES;
				INFOPLIST_KEY_UISupportedInterfaceOrientations_iPad = "UIInterfaceOrientationPortrait UIInterfaceOrientationPortraitUpsideDown UIInterfaceOrientationLandscapeLeft UIInterfaceOrientationLandscapeRight";
				INFOPLIST_KEY_UISupportedInterfaceOrientations_iPhone = "UIInterfaceOrientationPortrait UIInterfaceOrientationLandscapeLeft UIInterfaceOrientationLandscapeRight";
				LD_RUNPATH_SEARCH_PATHS = (
					"$(inherited)",
					"@executable_path/Frameworks",
				);
				MARKETING_VERSION = 1.0;
				PRODUCT_BUNDLE_IDENTIFIER = com.toni2323.SwiftfulThinkingBootcamp;
				PRODUCT_NAME = "$(TARGET_NAME)";
				SWIFT_EMIT_LOC_STRINGS = YES;
				SWIFT_VERSION = 5.0;
				TARGETED_DEVICE_FAMILY = "1,2";
			};
			name = Release;
		};
/* End XCBuildConfiguration section */

/* Begin XCConfigurationList section */
		B58220862AC2ABA300EC4F42 /* Build configuration list for PBXProject "SwiftfulThinkingBootcamp" */ = {
			isa = XCConfigurationList;
			buildConfigurations = (
				B58220972AC2ABA400EC4F42 /* Debug */,
				B58220982AC2ABA400EC4F42 /* Release */,
			);
			defaultConfigurationIsVisible = 0;
			defaultConfigurationName = Release;
		};
		B58220992AC2ABA400EC4F42 /* Build configuration list for PBXNativeTarget "SwiftfulThinkingBootcamp" */ = {
			isa = XCConfigurationList;
			buildConfigurations = (
				B582209A2AC2ABA400EC4F42 /* Debug */,
				B582209B2AC2ABA400EC4F42 /* Release */,
			);
			defaultConfigurationIsVisible = 0;
			defaultConfigurationName = Release;
		};
/* End XCConfigurationList section */
	};
	rootObject = B58220832AC2ABA300EC4F42 /* Project object */;
}
